
Microsoft Visual Studio Solution File, Format Version 12.00
# Visual Studio Version 17
VisualStudioVersion = 17.11.35222.181
MinimumVisualStudioVersion = 10.0.40219.1
Project("{9A19103F-16F7-4668-BE54-9A1E7A4F7556}") = "Portfolio.Server", "Portfolio.Server\Portfolio.Server.csproj", "{75238282-5686-4E11-B5CE-1F125FB2D43A}"
EndProject
Project("{54A90642-561A-4BB1-A94E-469ADEE60C69}") = "Portfolio.Client", "portfolio.client\portfolio.client.esproj", "{519DCF5E-38C0-4CA4-B055-F56063BBB35C}"
EndProject
Global
	GlobalSection(SolutionConfigurationPlatforms) = preSolution
		Debug|Any CPU = Debug|Any CPU
		Release|Any CPU = Release|Any CPU
	EndGlobalSection
	GlobalSection(ProjectConfigurationPlatforms) = postSolution
		{75238282-5686-4E11-B5CE-1F125FB2D43A}.Debug|Any CPU.ActiveCfg = Debug|Any CPU
		{75238282-5686-4E11-B5CE-1F125FB2D43A}.Debug|Any CPU.Build.0 = Debug|Any CPU
		{75238282-5686-4E11-B5CE-1F125FB2D43A}.Release|Any CPU.ActiveCfg = Release|Any CPU
		{75238282-5686-4E11-B5CE-1F125FB2D43A}.Release|Any CPU.Build.0 = Release|Any CPU
		{519DCF5E-38C0-4CA4-B055-F56063BBB35C}.Debug|Any CPU.ActiveCfg = Debug|Any CPU
		{519DCF5E-38C0-4CA4-B055-F56063BBB35C}.Debug|Any CPU.Build.0 = Debug|Any CPU
		{519DCF5E-38C0-4CA4-B055-F56063BBB35C}.Debug|Any CPU.Deploy.0 = Debug|Any CPU
		{519DCF5E-38C0-4CA4-B055-F56063BBB35C}.Release|Any CPU.ActiveCfg = Release|Any CPU
		{519DCF5E-38C0-4CA4-B055-F56063BBB35C}.Release|Any CPU.Build.0 = Release|Any CPU
		{519DCF5E-38C0-4CA4-B055-F56063BBB35C}.Release|Any CPU.Deploy.0 = Release|Any CPU
	EndGlobalSection
	GlobalSection(SolutionProperties) = preSolution
		HideSolutionNode = FALSE
	EndGlobalSection
	GlobalSection(ExtensibilityGlobals) = postSolution
		SolutionGuid = {52C9E07C-1ABA-45B0-A41E-D911E6C23A66}
	EndGlobalSection
EndGlobal
